// !$*UTF8*$!
{
	archiveVersion = 1;
	classes = {
	};
	objectVersion = 46;
	objects = {

/* Begin PBXBuildFile section */
		570D24B4177FEDE90017A0FB /* Cocoa.framework in Frameworks */ = {isa = PBXBuildFile; fileRef = 570D24B3177FEDE90017A0FB /* Cocoa.framework */; };
		570D24BE177FEDE90017A0FB /* InfoPlist.strings in Resources */ = {isa = PBXBuildFile; fileRef = 570D24BC177FEDE90017A0FB /* InfoPlist.strings */; };
		570D24C0177FEDE90017A0FB /* main.m in Sources */ = {isa = PBXBuildFile; fileRef = 570D24BF177FEDE90017A0FB /* main.m */; };
		570D24C4177FEDE90017A0FB /* Credits.rtf in Resources */ = {isa = PBXBuildFile; fileRef = 570D24C2177FEDE90017A0FB /* Credits.rtf */; };
		570D24C7177FEDE90017A0FB /* AppDelegate.m in Sources */ = {isa = PBXBuildFile; fileRef = 570D24C6177FEDE90017A0FB /* AppDelegate.m */; };
		570D24CA177FEDEA0017A0FB /* MainMenu.xib in Resources */ = {isa = PBXBuildFile; fileRef = 570D24C8177FEDEA0017A0FB /* MainMenu.xib */; };
		570D24D2177FF3ED0017A0FB /* Timer.m in Sources */ = {isa = PBXBuildFile; fileRef = 570D24D1177FF3ED0017A0FB /* Timer.m */; };
		57AEA9171780D4D30029930D /* tiny-timer.icns in Resources */ = {isa = PBXBuildFile; fileRef = 57AEA9161780D4D30029930D /* tiny-timer.icns */; };
/* End PBXBuildFile section */

/* Begin PBXFileReference section */
		570D24B0177FEDE90017A0FB /* Tiny Timer.app */ = {isa = PBXFileReference; explicitFileType = wrapper.application; includeInIndex = 0; path = "Tiny Timer.app"; sourceTree = BUILT_PRODUCTS_DIR; };
		570D24B3177FEDE90017A0FB /* Cocoa.framework */ = {isa = PBXFileReference; lastKnownFileType = wrapper.framework; name = Cocoa.framework; path = System/Library/Frameworks/Cocoa.framework; sourceTree = SDKROOT; };
		570D24B6177FEDE90017A0FB /* AppKit.framework */ = {isa = PBXFileReference; lastKnownFileType = wrapper.framework; name = AppKit.framework; path = System/Library/Frameworks/AppKit.framework; sourceTree = SDKROOT; };
		570D24B7177FEDE90017A0FB /* CoreData.framework */ = {isa = PBXFileReference; lastKnownFileType = wrapper.framework; name = CoreData.framework; path = System/Library/Frameworks/CoreData.framework; sourceTree = SDKROOT; };
		570D24B8177FEDE90017A0FB /* Foundation.framework */ = {isa = PBXFileReference; lastKnownFileType = wrapper.framework; name = Foundation.framework; path = System/Library/Frameworks/Foundation.framework; sourceTree = SDKROOT; };
		570D24BB177FEDE90017A0FB /* Tiny Timer-Info.plist */ = {isa = PBXFileReference; lastKnownFileType = text.plist.xml; path = "Tiny Timer-Info.plist"; sourceTree = "<group>"; };
		570D24BD177FEDE90017A0FB /* en */ = {isa = PBXFileReference; lastKnownFileType = text.plist.strings; name = en; path = en.lproj/InfoPlist.strings; sourceTree = "<group>"; };
		570D24BF177FEDE90017A0FB /* main.m */ = {isa = PBXFileReference; lastKnownFileType = sourcecode.c.objc; path = main.m; sourceTree = "<group>"; };
		570D24C1177FEDE90017A0FB /* Tiny Timer-Prefix.pch */ = {isa = PBXFileReference; lastKnownFileType = sourcecode.c.h; path = "Tiny Timer-Prefix.pch"; sourceTree = "<group>"; };
		570D24C3177FEDE90017A0FB /* en */ = {isa = PBXFileReference; lastKnownFileType = text.rtf; name = en; path = en.lproj/Credits.rtf; sourceTree = "<group>"; };
		570D24C5177FEDE90017A0FB /* AppDelegate.h */ = {isa = PBXFileReference; lastKnownFileType = sourcecode.c.h; path = AppDelegate.h; sourceTree = "<group>"; };
		570D24C6177FEDE90017A0FB /* AppDelegate.m */ = {isa = PBXFileReference; lastKnownFileType = sourcecode.c.objc; path = AppDelegate.m; sourceTree = "<group>"; };
		570D24C9177FEDEA0017A0FB /* en */ = {isa = PBXFileReference; lastKnownFileType = file.xib; name = en; path = en.lproj/MainMenu.xib; sourceTree = "<group>"; };
		570D24D0177FF3ED0017A0FB /* Timer.h */ = {isa = PBXFileReference; fileEncoding = 4; lastKnownFileType = sourcecode.c.h; path = Timer.h; sourceTree = "<group>"; };
		570D24D1177FF3ED0017A0FB /* Timer.m */ = {isa = PBXFileReference; fileEncoding = 4; lastKnownFileType = sourcecode.c.objc; path = Timer.m; sourceTree = "<group>"; };
		57AEA9161780D4D30029930D /* tiny-timer.icns */ = {isa = PBXFileReference; lastKnownFileType = image.icns; path = "tiny-timer.icns"; sourceTree = "<group>"; };
/* End PBXFileReference section */

/* Begin PBXFrameworksBuildPhase section */
		570D24AD177FEDE90017A0FB /* Frameworks */ = {
			isa = PBXFrameworksBuildPhase;
			buildActionMask = 2147483647;
			files = (
				570D24B4177FEDE90017A0FB /* Cocoa.framework in Frameworks */,
			);
			runOnlyForDeploymentPostprocessing = 0;
		};
/* End PBXFrameworksBuildPhase section */

/* Begin PBXGroup section */
		570D24A7177FEDE80017A0FB = {
			isa = PBXGroup;
			children = (
				57AEA9161780D4D30029930D /* tiny-timer.icns */,
				570D24B9177FEDE90017A0FB /* Tiny Timer */,
				570D24B2177FEDE90017A0FB /* Frameworks */,
				570D24B1177FEDE90017A0FB /* Products */,
			);
			sourceTree = "<group>";
		};
		570D24B1177FEDE90017A0FB /* Products */ = {
			isa = PBXGroup;
			children = (
				570D24B0177FEDE90017A0FB /* Tiny Timer.app */,
			);
			name = Products;
			sourceTree = "<group>";
		};
		570D24B2177FEDE90017A0FB /* Frameworks */ = {
			isa = PBXGroup;
			children = (
				570D24B3177FEDE90017A0FB /* Cocoa.framework */,
				570D24B5177FEDE90017A0FB /* Other Frameworks */,
			);
			name = Frameworks;
			sourceTree = "<group>";
		};
		570D24B5177FEDE90017A0FB /* Other Frameworks */ = {
			isa = PBXGroup;
			children = (
				570D24B6177FEDE90017A0FB /* AppKit.framework */,
				570D24B7177FEDE90017A0FB /* CoreData.framework */,
				570D24B8177FEDE90017A0FB /* Foundation.framework */,
			);
			name = "Other Frameworks";
			sourceTree = "<group>";
		};
		570D24B9177FEDE90017A0FB /* Tiny Timer */ = {
			isa = PBXGroup;
			children = (
				570D24C5177FEDE90017A0FB /* AppDelegate.h */,
				570D24D0177FF3ED0017A0FB /* Timer.h */,
				570D24D1177FF3ED0017A0FB /* Timer.m */,
				570D24C6177FEDE90017A0FB /* AppDelegate.m */,
				570D24C8177FEDEA0017A0FB /* MainMenu.xib */,
				570D24BA177FEDE90017A0FB /* Supporting Files */,
			);
			path = "Tiny Timer";
			sourceTree = "<group>";
		};
		570D24BA177FEDE90017A0FB /* Supporting Files */ = {
			isa = PBXGroup;
			children = (
				570D24BB177FEDE90017A0FB /* Tiny Timer-Info.plist */,
				570D24BC177FEDE90017A0FB /* InfoPlist.strings */,
				570D24BF177FEDE90017A0FB /* main.m */,
				570D24C1177FEDE90017A0FB /* Tiny Timer-Prefix.pch */,
				570D24C2177FEDE90017A0FB /* Credits.rtf */,
			);
			name = "Supporting Files";
			sourceTree = "<group>";
		};
/* End PBXGroup section */

/* Begin PBXNativeTarget section */
		570D24AF177FEDE90017A0FB /* Tiny Timer */ = {
			isa = PBXNativeTarget;
			buildConfigurationList = 570D24CD177FEDEA0017A0FB /* Build configuration list for PBXNativeTarget "Tiny Timer" */;
			buildPhases = (
				570D24AC177FEDE90017A0FB /* Sources */,
				570D24AD177FEDE90017A0FB /* Frameworks */,
				570D24AE177FEDE90017A0FB /* Resources */,
			);
			buildRules = (
			);
			dependencies = (
			);
			name = "Tiny Timer";
			productName = "Tiny Timer";
			productReference = 570D24B0177FEDE90017A0FB /* Tiny Timer.app */;
			productType = "com.apple.product-type.application";
		};
/* End PBXNativeTarget section */

/* Begin PBXProject section */
		570D24A8177FEDE80017A0FB /* Project object */ = {
			isa = PBXProject;
			attributes = {
				LastUpgradeCheck = 0460;
				ORGANIZATIONNAME = "River Jiang";
			};
			buildConfigurationList = 570D24AB177FEDE80017A0FB /* Build configuration list for PBXProject "Tiny Timer" */;
			compatibilityVersion = "Xcode 3.2";
			developmentRegion = English;
			hasScannedForEncodings = 0;
			knownRegions = (
				en,
			);
			mainGroup = 570D24A7177FEDE80017A0FB;
			productRefGroup = 570D24B1177FEDE90017A0FB /* Products */;
			projectDirPath = "";
			projectRoot = "";
			targets = (
				570D24AF177FEDE90017A0FB /* Tiny Timer */,
			);
		};
/* End PBXProject section */

/* Begin PBXResourcesBuildPhase section */
		570D24AE177FEDE90017A0FB /* Resources */ = {
			isa = PBXResourcesBuildPhase;
			buildActionMask = 2147483647;
			files = (
				570D24BE177FEDE90017A0FB /* InfoPlist.strings in Resources */,
				570D24C4177FEDE90017A0FB /* Credits.rtf in Resources */,
				570D24CA177FEDEA0017A0FB /* MainMenu.xib in Resources */,
				57AEA9171780D4D30029930D /* tiny-timer.icns in Resources */,
			);
			runOnlyForDeploymentPostprocessing = 0;
		};
/* End PBXResourcesBuildPhase section */

/* Begin PBXSourcesBuildPhase section */
		570D24AC177FEDE90017A0FB /* Sources */ = {
			isa = PBXSourcesBuildPhase;
			buildActionMask = 2147483647;
			files = (
				570D24C0177FEDE90017A0FB /* main.m in Sources */,
				570D24C7177FEDE90017A0FB /* AppDelegate.m in Sources */,
				570D24D2177FF3ED0017A0FB /* Timer.m in Sources */,
			);
			runOnlyForDeploymentPostprocessing = 0;
		};
/* End PBXSourcesBuildPhase section */

/* Begin PBXVariantGroup section */
		570D24BC177FEDE90017A0FB /* InfoPlist.strings */ = {
			isa = PBXVariantGroup;
			children = (
				570D24BD177FEDE90017A0FB /* en */,
			);
			name = InfoPlist.strings;
			sourceTree = "<group>";
		};
		570D24C2177FEDE90017A0FB /* Credits.rtf */ = {
			isa = PBXVariantGroup;
			children = (
				570D24C3177FEDE90017A0FB /* en */,
			);
			name = Credits.rtf;
			sourceTree = "<group>";
		};
		570D24C8177FEDEA0017A0FB /* MainMenu.xib */ = {
			isa = PBXVariantGroup;
			children = (
				570D24C9177FEDEA0017A0FB /* en */,
			);
			name = MainMenu.xib;
			sourceTree = "<group>";
		};
/* End PBXVariantGroup section */

/* Begin XCBuildConfiguration section */
		570D24CB177FEDEA0017A0FB /* Debug */ = {
			isa = XCBuildConfiguration;
			buildSettings = {
				ALWAYS_SEARCH_USER_PATHS = NO;
				ARCHS = "$(ARCHS_STANDARD_64_BIT)";
				CLANG_CXX_LANGUAGE_STANDARD = "gnu++0x";
				CLANG_CXX_LIBRARY = "libc++";
				CLANG_ENABLE_OBJC_ARC = YES;
				CLANG_WARN_CONSTANT_CONVERSION = YES;
				CLANG_WARN_EMPTY_BODY = YES;
				CLANG_WARN_ENUM_CONVERSION = YES;
				CLANG_WARN_INT_CONVERSION = YES;
				CLANG_WARN__DUPLICATE_METHOD_MATCH = YES;
				COPY_PHASE_STRIP = NO;
				GCC_C_LANGUAGE_STANDARD = gnu99;
				GCC_DYNAMIC_NO_PIC = NO;
				GCC_ENABLE_OBJC_EXCEPTIONS = YES;
				GCC_OPTIMIZATION_LEVEL = 0;
				GCC_PREPROCESSOR_DEFINITIONS = (
					"DEBUG=1",
					"$(inherited)",
				);
				GCC_SYMBOLS_PRIVATE_EXTERN = NO;
				GCC_WARN_64_TO_32_BIT_CONVERSION = YES;
				GCC_WARN_ABOUT_RETURN_TYPE = YES;
				GCC_WARN_UNINITIALIZED_AUTOS = YES;
				GCC_WARN_UNUSED_VARIABLE = YES;
				MACOSX_DEPLOYMENT_TARGET = 10.8;
				ONLY_ACTIVE_ARCH = YES;
				SDKROOT = macosx;
			};
			name = Debug;
		};
		570D24CC177FEDEA0017A0FB /* Release */ = {
			isa = XCBuildConfiguration;
			buildSettings = {
				ALWAYS_SEARCH_USER_PATHS = NO;
				ARCHS = "$(ARCHS_STANDARD_64_BIT)";
				CLANG_CXX_LANGUAGE_STANDARD = "gnu++0x";
				CLANG_CXX_LIBRARY = "libc++";
				CLANG_ENABLE_OBJC_ARC = YES;
				CLANG_WARN_CONSTANT_CONVERSION = YES;
				CLANG_WARN_EMPTY_BODY = YES;
				CLANG_WARN_ENUM_CONVERSION = YES;
				CLANG_WARN_INT_CONVERSION = YES;
				CLANG_WARN__DUPLICATE_METHOD_MATCH = YES;
				COPY_PHASE_STRIP = YES;
				DEBUG_INFORMATION_FORMAT = "dwarf-with-dsym";
				GCC_C_LANGUAGE_STANDARD = gnu99;
				GCC_ENABLE_OBJC_EXCEPTIONS = YES;
				GCC_WARN_64_TO_32_BIT_CONVERSION = YES;
				GCC_WARN_ABOUT_RETURN_TYPE = YES;
				GCC_WARN_UNINITIALIZED_AUTOS = YES;
				GCC_WARN_UNUSED_VARIABLE = YES;
				MACOSX_DEPLOYMENT_TARGET = 10.8;
				SDKROOT = macosx;
			};
			name = Release;
		};
		570D24CE177FEDEA0017A0FB /* Debug */ = {
			isa = XCBuildConfiguration;
			buildSettings = {
				COMBINE_HIDPI_IMAGES = YES;
				GCC_PRECOMPILE_PREFIX_HEADER = YES;
				GCC_PREFIX_HEADER = "Tiny Timer/Tiny Timer-Prefix.pch";
				INFOPLIST_FILE = "Tiny Timer/Tiny Timer-Info.plist";
				PRODUCT_NAME = "$(TARGET_NAME)";
				WRAPPER_EXTENSION = app;
			};
			name = Debug;
		};
		570D24CF177FEDEA0017A0FB /* Release */ = {
			isa = XCBuildConfiguration;
			buildSettings = {
				COMBINE_HIDPI_IMAGES = YES;
				GCC_PRECOMPILE_PREFIX_HEADER = YES;
				GCC_PREFIX_HEADER = "Tiny Timer/Tiny Timer-Prefix.pch";
				INFOPLIST_FILE = "Tiny Timer/Tiny Timer-Info.plist";
				PRODUCT_NAME = "$(TARGET_NAME)";
				WRAPPER_EXTENSION = app;
			};
			name = Release;
		};
/* End XCBuildConfiguration section */

/* Begin XCConfigurationList section */
		570D24AB177FEDE80017A0FB /* Build configuration list for PBXProject "Tiny Timer" */ = {
			isa = XCConfigurationList;
			buildConfigurations = (
				570D24CB177FEDEA0017A0FB /* Debug */,
				570D24CC177FEDEA0017A0FB /* Release */,
			);
			defaultConfigurationIsVisible = 0;
			defaultConfigurationName = Release;
		};
		570D24CD177FEDEA0017A0FB /* Build configuration list for PBXNativeTarget "Tiny Timer" */ = {
			isa = XCConfigurationList;
			buildConfigurations = (
				570D24CE177FEDEA0017A0FB /* Debug */,
				570D24CF177FEDEA0017A0FB /* Release */,
			);
			defaultConfigurationIsVisible = 0;
			defaultConfigurationName = Release;
		};
/* End XCConfigurationList section */
	};
	rootObject = 570D24A8177FEDE80017A0FB /* Project object */;
}
